<?xml version="1.0" encoding="utf-8"?>
<Project ToolsVersion="4.0" xmlns="http://schemas.microsoft.com/developer/msbuild/2003">
  <ItemGroup>
    <Filter Include="Source Files">
      <UniqueIdentifier>{4FC737F1-C7A5-4376-A066-2A32D752A2FF}</UniqueIdentifier>
      <Extensions>cpp;c;cc;cxx;def;odl;idl;hpj;bat;asm;asmx</Extensions>
    </Filter>
    <Filter Include="Header Files">
      <UniqueIdentifier>{93995380-89BD-4b04-88EB-625FBE52EBFB}</UniqueIdentifier>
      <Extensions>h;hh;hpp;hxx;hm;inl;inc;xsd</Extensions>
    </Filter>
    <Filter Include="Resource Files">
      <UniqueIdentifier>{67DA6AB6-F800-4c08-8B7A-83BB121AAD01}</UniqueIdentifier>
      <Extensions>rc;ico;cur;bmp;dlg;rc2;rct;bin;rgs;gif;jpg;jpeg;jpe;resx;tiff;tif;png;wav;mfcribbon-ms</Extensions>
    </Filter>
    <Filter Include="Tree">
      <UniqueIdentifier>{69497337-eb90-46d6-ae8e-14636c59c445}</UniqueIdentifier>
    </Filter>
    <Filter Include="Graph">
      <UniqueIdentifier>{51d74aef-a06e-40e2-a41f-5333075b9044}</UniqueIdentifier>
    </Filter>
  </ItemGroup>
  <ItemGroup>
    <ClCompile Include="main.cpp">
      <Filter>Source Files</Filter>
    </ClCompile>
    <ClCompile Include="DSString.cpp">
      <Filter>Source Files</Filter>
    </ClCompile>
    <ClCompile Include="Tree\BinaryTree.cpp">
      <Filter>Tree</Filter>
    </ClCompile>
    <ClCompile Include="Tree\BSTree.cpp">
      <Filter>Tree</Filter>
    </ClCompile>
    <ClCompile Include="Tree\BTree.cpp">
      <Filter>Tree</Filter>
    </ClCompile>
    <ClCompile Include="Tree\BreadthFirstSearch.cpp">
      <Filter>Tree</Filter>
    </ClCompile>
    <ClCompile Include="Tree\BSTcpp.cpp">
      <Filter>Source Files</Filter>
    </ClCompile>
    <ClCompile Include="Graph\DSGraphA.cpp">
      <Filter>Graph</Filter>
    </ClCompile>
    <ClCompile Include="Graph\DSGraphB.cpp">
      <Filter>Graph</Filter>
    </ClCompile>
    <ClCompile Include="Graph\DSUDGraphADMatrix.cpp">
      <Filter>Graph</Filter>
    </ClCompile>
    <ClCompile Include="Graph\DSUDGraphADList.cpp">
      <Filter>Graph</Filter>
    </ClCompile>
    <ClCompile Include="Graph\UGraphImp.cpp">
      <Filter>Graph</Filter>
    </ClCompile>
  </ItemGroup>
  <ItemGroup>
    <ClInclude Include="DSString.h">
      <Filter>Header Files</Filter>
    </ClInclude>
    <ClInclude Include="Tree\BinaryTree.h">
      <Filter>Tree</Filter>
    </ClInclude>
    <ClInclude Include="Tree\BSTree.h">
      <Filter>Tree</Filter>
    </ClInclude>
    <ClInclude Include="Tree\BTree.h">
      <Filter>Tree</Filter>
    </ClInclude>
    <ClInclude Include="Tree\BreadthFirstSearch.h">
      <Filter>Tree</Filter>
    </ClInclude>
    <ClInclude Include="Tree\BSTcpp.h">
      <Filter>Tree</Filter>
    </ClInclude>
    <ClInclude Include="Graph\DSGraphA.h">
      <Filter>Graph</Filter>
    </ClInclude>
    <ClInclude Include="Graph\DSGraphB.h">
      <Filter>Graph</Filter>
    </ClInclude>
    <ClInclude Include="Graph\DSUDGraphADMatrix.h">
      <Filter>Graph</Filter>
    </ClInclude>
    <ClInclude Include="Graph\DSUDGraphADList.h">
      <Filter>Graph</Filter>
    </ClInclude>
    <ClInclude Include="Graph\UGraphImp.h">
      <Filter>Graph</Filter>
    </ClInclude>
  </ItemGroup>
  <ItemGroup>
    <None Include="Graph\NOTE.MD">
      <Filter>Graph</Filter>
    </None>
  </ItemGroup>
</Project>