<?xml version="1.0" encoding="utf-8"?>
<Project ToolsVersion="4.0" xmlns="http://schemas.microsoft.com/developer/msbuild/2003">
  <ItemGroup>
    <Filter Include="Source Files">
      <UniqueIdentifier>{4FC737F1-C7A5-4376-A066-2A32D752A2FF}</UniqueIdentifier>
      <Extensions>cpp;c;cc;cxx;def;odl;idl;hpj;bat;asm;asmx</Extensions>
    </Filter>
    <Filter Include="Header Files">
      <UniqueIdentifier>{93995380-89BD-4b04-88EB-625FBE52EBFB}</UniqueIdentifier>
      <Extensions>h;hh;hpp;hxx;hm;inl;inc;xsd</Extensions>
    </Filter>
    <Filter Include="Resource Files">
      <UniqueIdentifier>{67DA6AB6-F800-4c08-8B7A-83BB121AAD01}</UniqueIdentifier>
      <Extensions>rc;ico;cur;bmp;dlg;rc2;rct;bin;rgs;gif;jpg;jpeg;jpe;resx;tiff;tif;png;wav;mfcribbon-ms</Extensions>
    </Filter>
    <Filter Include="note">
      <UniqueIdentifier>{92ac0980-fca7-4598-9155-72fa2b3a98e0}</UniqueIdentifier>
    </Filter>
    <Filter Include="stl_iterator">
      <UniqueIdentifier>{88e44ff9-6721-4436-9f10-dc0003c42c31}</UniqueIdentifier>
    </Filter>
    <Filter Include="Application">
      <UniqueIdentifier>{54992c14-0b7b-44c2-b0f8-6f69481d7b95}</UniqueIdentifier>
    </Filter>
    <Filter Include="Application\DS_Algorithm">
      <UniqueIdentifier>{e20ff49e-8255-4bf2-978a-a3a7be901a57}</UniqueIdentifier>
    </Filter>
    <Filter Include="Application\DS_Algorithm\Graph">
      <UniqueIdentifier>{4686194e-61eb-4cf6-a2de-1fa8f2e742e2}</UniqueIdentifier>
    </Filter>
    <Filter Include="stl_usage">
      <UniqueIdentifier>{c5fdfa08-d30b-4c0e-b1af-eb66a6cd56c7}</UniqueIdentifier>
    </Filter>
    <Filter Include="ITERATOR">
      <UniqueIdentifier>{c9c7044d-54f7-4625-a1e5-7b0da563f4a0}</UniqueIdentifier>
    </Filter>
  </ItemGroup>
  <ItemGroup>
    <ClCompile Include="main.cpp">
      <Filter>Source Files</Filter>
    </ClCompile>
    <ClCompile Include="stl_iterator\STLiterator_auxiliary_function.cpp">
      <Filter>stl_iterator</Filter>
    </ClCompile>
    <ClCompile Include="stl_iterator\STLiterator_traits.cpp">
      <Filter>stl_iterator</Filter>
    </ClCompile>
    <ClCompile Include="stl_iterator\STLiterator.cpp">
      <Filter>stl_iterator</Filter>
    </ClCompile>
    <ClCompile Include="Application\DS_Algorithm\Graph\UGraphTemplate.cpp">
      <Filter>Application\DS_Algorithm\Graph</Filter>
    </ClCompile>
    <ClCompile Include="stl_usage\us_PriorityQueue.cpp">
      <Filter>stl_usage</Filter>
    </ClCompile>
    <ClCompile Include="ITERATOR\STL_1127_Iterator.cpp">
      <Filter>ITERATOR</Filter>
    </ClCompile>
    <ClCompile Include="ITERATOR\STL_iterator_traits.cpp">
      <Filter>ITERATOR</Filter>
    </ClCompile>
  </ItemGroup>
  <ItemGroup>
    <ClInclude Include="stl_iterator\STLiterator.h">
      <Filter>stl_iterator</Filter>
    </ClInclude>
    <ClInclude Include="stl_iterator\STLiterator_auxiliary_function.h">
      <Filter>stl_iterator</Filter>
    </ClInclude>
    <ClInclude Include="stl_iterator\STLiterator_traits.h">
      <Filter>stl_iterator</Filter>
    </ClInclude>
    <ClInclude Include="Application\DS_Algorithm\Graph\UGraphTemplate.h">
      <Filter>Application\DS_Algorithm\Graph</Filter>
    </ClInclude>
    <ClInclude Include="stl_usage\us_PriorityQueue.h">
      <Filter>stl_usage</Filter>
    </ClInclude>
    <ClInclude Include="ITERATOR\STL_1127_Iterator.h">
      <Filter>ITERATOR</Filter>
    </ClInclude>
    <ClInclude Include="ITERATOR\STL_iterator_traits.h">
      <Filter>ITERATOR</Filter>
    </ClInclude>
  </ItemGroup>
</Project>