<?xml version="1.0" encoding="utf-8"?>
<Project ToolsVersion="4.0" xmlns="http://schemas.microsoft.com/developer/msbuild/2003">
  <ItemGroup>
    <Filter Include="Source Files">
      <UniqueIdentifier>{4FC737F1-C7A5-4376-A066-2A32D752A2FF}</UniqueIdentifier>
      <Extensions>cpp;c;cc;cxx;def;odl;idl;hpj;bat;asm;asmx</Extensions>
    </Filter>
    <Filter Include="Header Files">
      <UniqueIdentifier>{93995380-89BD-4b04-88EB-625FBE52EBFB}</UniqueIdentifier>
      <Extensions>h;hh;hpp;hxx;hm;inl;inc;xsd</Extensions>
    </Filter>
    <Filter Include="Resource Files">
      <UniqueIdentifier>{67DA6AB6-F800-4c08-8B7A-83BB121AAD01}</UniqueIdentifier>
      <Extensions>rc;ico;cur;bmp;dlg;rc2;rct;bin;rgs;gif;jpg;jpeg;jpe;resx;tiff;tif;png;wav;mfcribbon-ms</Extensions>
    </Filter>
    <Filter Include="mNote">
      <UniqueIdentifier>{eb4a4c0e-9629-4b35-bc7e-23e450127865}</UniqueIdentifier>
    </Filter>
    <Filter Include="BasicSort">
      <UniqueIdentifier>{d691168c-3bed-4329-bb14-f78fd0f82937}</UniqueIdentifier>
    </Filter>
  </ItemGroup>
  <ItemGroup>
    <ClCompile Include="main.cpp">
      <Filter>Source Files</Filter>
    </ClCompile>
    <ClCompile Include="BasicSort\AlgSort.cpp">
      <Filter>BasicSort</Filter>
    </ClCompile>
    <ClCompile Include="UDGraph\UDGraphTraverseA.cpp">
      <Filter>Source Files</Filter>
    </ClCompile>
    <ClCompile Include="UDGraph\DGraphSearch.cpp">
      <Filter>Source Files</Filter>
    </ClCompile>
    <ClCompile Include="UDGraph\DGraphSearchEA.cpp">
      <Filter>Source Files</Filter>
    </ClCompile>
  </ItemGroup>
  <ItemGroup>
    <ClInclude Include="BasicSort\AlgSort.h">
      <Filter>BasicSort</Filter>
    </ClInclude>
    <ClInclude Include="BasicSort\Quicksort.hpp">
      <Filter>BasicSort</Filter>
    </ClInclude>
    <ClInclude Include="BasicSort\SortTemplate.h">
      <Filter>BasicSort</Filter>
    </ClInclude>
    <ClInclude Include="UDGraph\UDGraphTraverseA.h">
      <Filter>Header Files</Filter>
    </ClInclude>
    <ClInclude Include="UDGraph\DGraphSearch.h">
      <Filter>Header Files</Filter>
    </ClInclude>
    <ClInclude Include="UDGraph\DGraphSearchEA.h">
      <Filter>Header Files</Filter>
    </ClInclude>
  </ItemGroup>
  <ItemGroup>
    <None Include="_note\_const.MD">
      <Filter>mNote</Filter>
    </None>
    <None Include="UDGraph\depth_first_search.MD" />
  </ItemGroup>
</Project>